
Microsoft Visual Studio Solution File, Format Version 12.00
# Visual Studio Version 17
VisualStudioVersion = 17.11.35327.3
MinimumVisualStudioVersion = 10.0.40219.1
Project("{FAE04EC0-301F-11D3-BF4B-00C04F79EFBC}") = "EggCore", "EggCore\EggCore.csproj", "{BD963BBF-7651-4B56-81FA-C2D6A3D6D4F5}"
EndProject
Project("{FAE04EC0-301F-11D3-BF4B-00C04F79EFBC}") = "OvaAccessibilityAddon", "OvaAccessibilityAddon\OvaAccessibilityAddon.csproj", "{9A4226CA-BC0A-4991-B12A-A3FD99C4CB23}"
EndProject
Project("{FAE04EC0-301F-11D3-BF4B-00C04F79EFBC}") = "OvaLifeQuality", "OvaLifeQuality\OvaLifeQuality.csproj", "{74429E8A-2840-4B43-A396-07FD32C04EEE}"
EndProject
Project("{FAE04EC0-301F-11D3-BF4B-00C04F79EFBC}") = "OvaCombatTweaks", "OvaCombatTweaks\OvaCombatTweaks.csproj", "{A599E5D8-EE18-4FB4-9497-E0C546CF0644}"
EndProject
Project("{FAE04EC0-301F-11D3-BF4B-00C04F79EFBC}") = "OvaFarmingTweaks", "OvaFarmingTweaks\OvaFarmingTweaks.csproj", "{64B829C6-3A03-45C8-82AD-5BC4F2D063A7}"
EndProject
Project("{FAE04EC0-301F-11D3-BF4B-00C04F79EFBC}") = "OvaCheatTool", "OvaCheatTool\OvaCheatTool.csproj", "{1A1807BB-53D9-4CCA-A925-2DD0D47D9F01}"
EndProject
Global
	GlobalSection(SolutionConfigurationPlatforms) = preSolution
		Debug|Any CPU = Debug|Any CPU
		Release|Any CPU = Release|Any CPU
	EndGlobalSection
	GlobalSection(ProjectConfigurationPlatforms) = postSolution
		{BD963BBF-7651-4B56-81FA-C2D6A3D6D4F5}.Debug|Any CPU.ActiveCfg = Debug|Any CPU
		{BD963BBF-7651-4B56-81FA-C2D6A3D6D4F5}.Debug|Any CPU.Build.0 = Debug|Any CPU
		{BD963BBF-7651-4B56-81FA-C2D6A3D6D4F5}.Release|Any CPU.ActiveCfg = Release|Any CPU
		{BD963BBF-7651-4B56-81FA-C2D6A3D6D4F5}.Release|Any CPU.Build.0 = Release|Any CPU
		{9A4226CA-BC0A-4991-B12A-A3FD99C4CB23}.Debug|Any CPU.ActiveCfg = Debug|Any CPU
		{9A4226CA-BC0A-4991-B12A-A3FD99C4CB23}.Debug|Any CPU.Build.0 = Debug|Any CPU
		{9A4226CA-BC0A-4991-B12A-A3FD99C4CB23}.Release|Any CPU.ActiveCfg = Release|Any CPU
		{9A4226CA-BC0A-4991-B12A-A3FD99C4CB23}.Release|Any CPU.Build.0 = Release|Any CPU
		{74429E8A-2840-4B43-A396-07FD32C04EEE}.Debug|Any CPU.ActiveCfg = Debug|Any CPU
		{74429E8A-2840-4B43-A396-07FD32C04EEE}.Debug|Any CPU.Build.0 = Debug|Any CPU
		{74429E8A-2840-4B43-A396-07FD32C04EEE}.Release|Any CPU.ActiveCfg = Release|Any CPU
		{74429E8A-2840-4B43-A396-07FD32C04EEE}.Release|Any CPU.Build.0 = Release|Any CPU
		{A599E5D8-EE18-4FB4-9497-E0C546CF0644}.Debug|Any CPU.ActiveCfg = Debug|Any CPU
		{A599E5D8-EE18-4FB4-9497-E0C546CF0644}.Debug|Any CPU.Build.0 = Debug|Any CPU
		{A599E5D8-EE18-4FB4-9497-E0C546CF0644}.Release|Any CPU.ActiveCfg = Release|Any CPU
		{A599E5D8-EE18-4FB4-9497-E0C546CF0644}.Release|Any CPU.Build.0 = Release|Any CPU
		{64B829C6-3A03-45C8-82AD-5BC4F2D063A7}.Debug|Any CPU.ActiveCfg = Debug|Any CPU
		{64B829C6-3A03-45C8-82AD-5BC4F2D063A7}.Debug|Any CPU.Build.0 = Debug|Any CPU
		{64B829C6-3A03-45C8-82AD-5BC4F2D063A7}.Release|Any CPU.ActiveCfg = Release|Any CPU
		{64B829C6-3A03-45C8-82AD-5BC4F2D063A7}.Release|Any CPU.Build.0 = Release|Any CPU
		{1A1807BB-53D9-4CCA-A925-2DD0D47D9F01}.Debug|Any CPU.ActiveCfg = Debug|Any CPU
		{1A1807BB-53D9-4CCA-A925-2DD0D47D9F01}.Debug|Any CPU.Build.0 = Debug|Any CPU
		{1A1807BB-53D9-4CCA-A925-2DD0D47D9F01}.Release|Any CPU.ActiveCfg = Release|Any CPU
		{1A1807BB-53D9-4CCA-A925-2DD0D47D9F01}.Release|Any CPU.Build.0 = Release|Any CPU
	EndGlobalSection
	GlobalSection(SolutionProperties) = preSolution
		HideSolutionNode = FALSE
	EndGlobalSection
	GlobalSection(ExtensibilityGlobals) = postSolution
		SolutionGuid = {7C6D0AD2-1476-474E-A047-7560722B9B29}
	EndGlobalSection
EndGlobal
